
Microsoft Visual Studio Solution File, Format Version 12.00
# Visual Studio Version 17
VisualStudioVersion = 17.14.36414.22 d17.14
MinimumVisualStudioVersion = 10.0.40219.1
Project("{FAE04EC0-301F-11D3-BF4B-00C04F79EFBC}") = "Seithi247", "Seithi247.csproj", "{51040CD8-50D3-4479-A661-38D1033923FC}"
EndProject
Global
	GlobalSection(SolutionConfigurationPlatforms) = preSolution
		Debug|Any CPU = Debug|Any CPU
		Release|Any CPU = Release|Any CPU
	EndGlobalSection
	GlobalSection(ProjectConfigurationPlatforms) = postSolution
		{51040CD8-50D3-4479-A661-38D1033923FC}.Debug|Any CPU.ActiveCfg = Debug|Any CPU
		{51040CD8-50D3-4479-A661-38D1033923FC}.Debug|Any CPU.Build.0 = Debug|Any CPU
		{51040CD8-50D3-4479-A661-38D1033923FC}.Release|Any CPU.ActiveCfg = Release|Any CPU
		{51040CD8-50D3-4479-A661-38D1033923FC}.Release|Any CPU.Build.0 = Release|Any CPU
	EndGlobalSection
	GlobalSection(SolutionProperties) = preSolution
		HideSolutionNode = FALSE
	EndGlobalSection
	GlobalSection(ExtensibilityGlobals) = postSolution
		SolutionGuid = {31BFED21-E963-463E-B6FA-E4D27721DBBC}
	EndGlobalSection
EndGlobal
